{
  "lockfile_version": "1",
  "packages": {
    "jdk21@latest": {
      "last_modified": "2024-10-13T23:44:06Z",
      "resolved": "github:NixOS/nixpkgs/d4f247e89f6e10120f911e2e2d2254a050d0f732#jdk",
      "source": "devbox-search",
      "version": "21.0.2",
      "systems": {
        "aarch64-darwin": {
          "outputs": [
            {
              "name": "out",
              "path": "/nix/store/0q256qa09wnplr1fs9c24fm59mn8l76n-zulu-ca-jdk-21.0.2",
              "default": true
            }
          ],
          "store_path": "/nix/store/0q256qa09wnplr1fs9c24fm59mn8l76n-zulu-ca-jdk-21.0.2"
        },
        "x86_64-darwin": {
          "outputs": [
            {
              "name": "out",
              "path": "/nix/store/2x7xn14k5cvrh5j0hvw7v8j9zfp5hlln-zulu-ca-jdk-21.0.2",
              "default": true
            }
          ],
          "store_path": "/nix/store/2x7xn14k5cvrh5j0hvw7v8j9zfp5hlln-zulu-ca-jdk-21.0.2"
        }
      }
    },
    "maven@latest": {
      "last_modified": "2024-12-23T21:10:33Z",
      "resolved": "github:NixOS/nixpkgs/de1864217bfa9b5845f465e771e0ecb48b30e02d#maven",
      "source": "devbox-search",
      "version": "3.9.9",
      "systems": {
        "aarch64-darwin": {
          "outputs": [
            {
              "name": "out",
              "path": "/nix/store/skgavbzs2qnkf4sqr9fzdgpwym6cyz6w-maven-3.9.9",
              "default": true
            }
          ],
          "store_path": "/nix/store/skgavbzs2qnkf4sqr9fzdgpwym6cyz6w-maven-3.9.9"
        },
        "aarch64-linux": {
          "outputs": [
            {
              "name": "out",
              "path": "/nix/store/d2d8y3d3v0bghv6v59m6ln3m154sp93d-maven-3.9.9",
              "default": true
            }
          ],
          "store_path": "/nix/store/d2d8y3d3v0bghv6v59m6ln3m154sp93d-maven-3.9.9"
        },
        "x86_64-darwin": {
          "outputs": [
            {
              "name": "out",
              "path": "/nix/store/kfg5rnrxx0a6xcfkcsvj4rmangcfg01s-maven-3.9.9",
              "default": true
            }
          ],
          "store_path": "/nix/store/kfg5rnrxx0a6xcfkcsvj4rmangcfg01s-maven-3.9.9"
        },
        "x86_64-linux": {
          "outputs": [
            {
              "name": "out",
              "path": "/nix/store/dqv2ipvqa1ngydsgv0bcqxfr4xdq6zi6-maven-3.9.9",
              "default": true
            }
          ],
          "store_path": "/nix/store/dqv2ipvqa1ngydsgv0bcqxfr4xdq6zi6-maven-3.9.9"
        }
      }
    }
  }
}
